<?xml version="1.0" encoding="UTF-8" standalone="yes" ?>
<CodeBlocks_project_file>
	<FileVersion major="1" minor="6" />
	<Project>
		<Option title="cpplib" />
		<Option platforms="Windows;" />
		<Option pch_mode="2" />
		<Option compiler="gcc" />
		<Build>
			<Target title="debug">
				<Option platforms="Windows;" />
				<Option output="$(#out)/debug/bin/cpplib" prefix_auto="1" extension_auto="1" />
				<Option object_output="$(#out)/debug/obj/" />
				<Option type="1" />
				<Option compiler="gcc" />
				<Compiler>
					<Add option="-g" />
				</Compiler>
			</Target>
			<Target title="release">
				<Option output="$(#out)/release/bin/cpplib" prefix_auto="1" extension_auto="1" />
				<Option object_output="$(#out)/release/obj/" />
				<Option type="1" />
				<Option compiler="gcc" />
				<Compiler>
					<Add option="-O2" />
				</Compiler>
				<Linker>
					<Add option="-s" />
				</Linker>
			</Target>
		</Build>
		<Compiler>
			<Add option="-Wall" />
			<Add option="-fexceptions" />
		</Compiler>
		<Unit filename="../unit-test/test.cpp">
			<Option target="debug" />
		</Unit>
		<Unit filename="../unit-test/test.hpp">
			<Option target="debug" />
		</Unit>
		<Unit filename="constants.cpp" />
		<Unit filename="constants.hpp" />
		<Unit filename="error.hpp" />
		<Unit filename="factory.hpp" />
		<Unit filename="generator.hpp" />
		<Unit filename="io_util.cpp" />
		<Unit filename="io_util.hpp" />
		<Unit filename="macros.hpp" />
		<Unit filename="main.cpp" />
		<Unit filename="memory.cpp" />
		<Unit filename="memory.hpp" />
		<Unit filename="name.hpp" />
		<Unit filename="object.hpp" />
		<Unit filename="string_def.hpp" />
		<Unit filename="string_util.cpp" />
		<Unit filename="string_util.hpp" />
		<Unit filename="test/factory_test.cpp">
			<Option target="debug" />
		</Unit>
		<Unit filename="test/name_test.cpp">
			<Option target="debug" />
		</Unit>
		<Extensions>
			<lib_finder disable_auto="1" />
		</Extensions>
	</Project>
</CodeBlocks_project_file>
